
Microsoft Visual Studio Solution File, Format Version 12.00
# Visual Studio Version 16
VisualStudioVersion = 16.0.31019.35
MinimumVisualStudioVersion = 10.0.40219.1
Project("{FAE04EC0-301F-11D3-BF4B-00C04F79EFBC}") = "Ticketsystem", "Ticketsystem.csproj", "{81602B6E-1FAC-4262-AA60-102C265343DE}"
EndProject
Global
	GlobalSection(SolutionConfigurationPlatforms) = preSolution
		Debug|Any CPU = Debug|Any CPU
		Release|Any CPU = Release|Any CPU
	EndGlobalSection
	GlobalSection(ProjectConfigurationPlatforms) = postSolution
		{81602B6E-1FAC-4262-AA60-102C265343DE}.Debug|Any CPU.ActiveCfg = Debug|Any CPU
		{81602B6E-1FAC-4262-AA60-102C265343DE}.Debug|Any CPU.Build.0 = Debug|Any CPU
		{81602B6E-1FAC-4262-AA60-102C265343DE}.Release|Any CPU.ActiveCfg = Release|Any CPU
		{81602B6E-1FAC-4262-AA60-102C265343DE}.Release|Any CPU.Build.0 = Release|Any CPU
	EndGlobalSection
	GlobalSection(SolutionProperties) = preSolution
		HideSolutionNode = FALSE
	EndGlobalSection
	GlobalSection(ExtensibilityGlobals) = postSolution
		SolutionGuid = {DF0CCB0E-F922-411C-A3A7-5049FE1725F0}
	EndGlobalSection
EndGlobal
