
Microsoft Visual Studio Solution File, Format Version 12.00
# Visual Studio Version 16
VisualStudioVersion = 16.0.30907.101
MinimumVisualStudioVersion = 10.0.40219.1
Project("{FAE04EC0-301F-11D3-BF4B-00C04F79EFBC}") = "Smoothboard", "Smoothboard\Smoothboard.csproj", "{81B76DC6-9434-4139-A036-0FAD4128A702}"
EndProject
Global
	GlobalSection(SolutionConfigurationPlatforms) = preSolution
		Debug|Any CPU = Debug|Any CPU
		Release|Any CPU = Release|Any CPU
	EndGlobalSection
	GlobalSection(ProjectConfigurationPlatforms) = postSolution
		{81B76DC6-9434-4139-A036-0FAD4128A702}.Debug|Any CPU.ActiveCfg = Debug|Any CPU
		{81B76DC6-9434-4139-A036-0FAD4128A702}.Debug|Any CPU.Build.0 = Debug|Any CPU
		{81B76DC6-9434-4139-A036-0FAD4128A702}.Release|Any CPU.ActiveCfg = Release|Any CPU
		{81B76DC6-9434-4139-A036-0FAD4128A702}.Release|Any CPU.Build.0 = Release|Any CPU
	EndGlobalSection
	GlobalSection(SolutionProperties) = preSolution
		HideSolutionNode = FALSE
	EndGlobalSection
	GlobalSection(ExtensibilityGlobals) = postSolution
		SolutionGuid = {24ED348A-510D-4196-A03F-0018BC55140C}
	EndGlobalSection
EndGlobal
